
Microsoft Visual Studio Solution File, Format Version 12.00
Project("{FAE04EC0-301F-11D3-BF4B-00C04F79EFBC}") = "Tut_Common", "Tut_Common\Tut_Common.csproj", "{195613E0-DFBB-4B41-B693-AF0CC381F135}"
EndProject
Project("{FAE04EC0-301F-11D3-BF4B-00C04F79EFBC}") = "TutBackOffice", "TutBackOffice\TutBackOffice.csproj", "{4F9A8713-854E-4F4B-B938-4D5A36ACC0F6}"
EndProject
Project("{FAE04EC0-301F-11D3-BF4B-00C04F79EFBC}") = "TutDriver", "TutDriver\TutDriver.csproj", "{072D6E4F-146D-4427-B01B-74E3D2E82B2F}"
EndProject
Project("{FAE04EC0-301F-11D3-BF4B-00C04F79EFBC}") = "TutBackend", "TutBackend\TutBackend.csproj", "{FAF19C6C-8273-433B-AB59-700454386908}"
EndProject
Project("{FAE04EC0-301F-11D3-BF4B-00C04F79EFBC}") = "Tut", "Tut\Tut.csproj", "{F590D335-6901-4245-99BC-A9FBE4699799}"
EndProject
Project("{FAE04EC0-301F-11D3-BF4B-00C04F79EFBC}") = "TutMauiCommon", "TutMauiCommon\TutMauiCommon.csproj", "{54B827AB-6DD6-4950-8B44-CDEB27F1E322}"
EndProject
Project("{FAE04EC0-301F-11D3-BF4B-00C04F79EFBC}") = "TutAgents", "TutAgents\TutAgents.csproj", "{FCF79E81-0394-486E-86D0-D098740767AE}"
EndProject
Project("{2150E333-8FDC-42A3-9474-1A3956D46DE8}") = "test", "test", "{0C88DD14-F956-CE84-757C-A364CCF449FC}"
EndProject
Project("{FAE04EC0-301F-11D3-BF4B-00C04F79EFBC}") = "Tut_Common.Tests", "test\Tut_Common.Tests\Tut_Common.Tests.csproj", "{6BAC0F92-9749-46C5-9F0F-C0DC3AF1FC54}"
EndProject
Global
	GlobalSection(SolutionConfigurationPlatforms) = preSolution
		Debug|Any CPU = Debug|Any CPU
		Debug|x64 = Debug|x64
		Debug|x86 = Debug|x86
		Release|Any CPU = Release|Any CPU
		Release|x64 = Release|x64
		Release|x86 = Release|x86
	EndGlobalSection
	GlobalSection(ProjectConfigurationPlatforms) = postSolution
		{195613E0-DFBB-4B41-B693-AF0CC381F135}.Debug|Any CPU.ActiveCfg = Debug|Any CPU
		{195613E0-DFBB-4B41-B693-AF0CC381F135}.Debug|Any CPU.Build.0 = Debug|Any CPU
		{195613E0-DFBB-4B41-B693-AF0CC381F135}.Debug|x64.ActiveCfg = Debug|Any CPU
		{195613E0-DFBB-4B41-B693-AF0CC381F135}.Debug|x64.Build.0 = Debug|Any CPU
		{195613E0-DFBB-4B41-B693-AF0CC381F135}.Debug|x86.ActiveCfg = Debug|Any CPU
		{195613E0-DFBB-4B41-B693-AF0CC381F135}.Debug|x86.Build.0 = Debug|Any CPU
		{195613E0-DFBB-4B41-B693-AF0CC381F135}.Release|Any CPU.ActiveCfg = Release|Any CPU
		{195613E0-DFBB-4B41-B693-AF0CC381F135}.Release|Any CPU.Build.0 = Release|Any CPU
		{195613E0-DFBB-4B41-B693-AF0CC381F135}.Release|x64.ActiveCfg = Release|Any CPU
		{195613E0-DFBB-4B41-B693-AF0CC381F135}.Release|x64.Build.0 = Release|Any CPU
		{195613E0-DFBB-4B41-B693-AF0CC381F135}.Release|x86.ActiveCfg = Release|Any CPU
		{195613E0-DFBB-4B41-B693-AF0CC381F135}.Release|x86.Build.0 = Release|Any CPU
		{4F9A8713-854E-4F4B-B938-4D5A36ACC0F6}.Debug|Any CPU.ActiveCfg = Debug|Any CPU
		{4F9A8713-854E-4F4B-B938-4D5A36ACC0F6}.Debug|Any CPU.Build.0 = Debug|Any CPU
		{4F9A8713-854E-4F4B-B938-4D5A36ACC0F6}.Debug|x64.ActiveCfg = Debug|Any CPU
		{4F9A8713-854E-4F4B-B938-4D5A36ACC0F6}.Debug|x64.Build.0 = Debug|Any CPU
		{4F9A8713-854E-4F4B-B938-4D5A36ACC0F6}.Debug|x86.ActiveCfg = Debug|Any CPU
		{4F9A8713-854E-4F4B-B938-4D5A36ACC0F6}.Debug|x86.Build.0 = Debug|Any CPU
		{4F9A8713-854E-4F4B-B938-4D5A36ACC0F6}.Release|Any CPU.ActiveCfg = Release|Any CPU
		{4F9A8713-854E-4F4B-B938-4D5A36ACC0F6}.Release|Any CPU.Build.0 = Release|Any CPU
		{4F9A8713-854E-4F4B-B938-4D5A36ACC0F6}.Release|x64.ActiveCfg = Release|Any CPU
		{4F9A8713-854E-4F4B-B938-4D5A36ACC0F6}.Release|x64.Build.0 = Release|Any CPU
		{4F9A8713-854E-4F4B-B938-4D5A36ACC0F6}.Release|x86.ActiveCfg = Release|Any CPU
		{4F9A8713-854E-4F4B-B938-4D5A36ACC0F6}.Release|x86.Build.0 = Release|Any CPU
		{072D6E4F-146D-4427-B01B-74E3D2E82B2F}.Debug|Any CPU.ActiveCfg = Debug|Any CPU
		{072D6E4F-146D-4427-B01B-74E3D2E82B2F}.Debug|Any CPU.Build.0 = Debug|Any CPU
		{072D6E4F-146D-4427-B01B-74E3D2E82B2F}.Debug|x64.ActiveCfg = Debug|Any CPU
		{072D6E4F-146D-4427-B01B-74E3D2E82B2F}.Debug|x64.Build.0 = Debug|Any CPU
		{072D6E4F-146D-4427-B01B-74E3D2E82B2F}.Debug|x86.ActiveCfg = Debug|Any CPU
		{072D6E4F-146D-4427-B01B-74E3D2E82B2F}.Debug|x86.Build.0 = Debug|Any CPU
		{072D6E4F-146D-4427-B01B-74E3D2E82B2F}.Release|Any CPU.ActiveCfg = Release|Any CPU
		{072D6E4F-146D-4427-B01B-74E3D2E82B2F}.Release|Any CPU.Build.0 = Release|Any CPU
		{072D6E4F-146D-4427-B01B-74E3D2E82B2F}.Release|x64.ActiveCfg = Release|Any CPU
		{072D6E4F-146D-4427-B01B-74E3D2E82B2F}.Release|x64.Build.0 = Release|Any CPU
		{072D6E4F-146D-4427-B01B-74E3D2E82B2F}.Release|x86.ActiveCfg = Release|Any CPU
		{072D6E4F-146D-4427-B01B-74E3D2E82B2F}.Release|x86.Build.0 = Release|Any CPU
		{FAF19C6C-8273-433B-AB59-700454386908}.Debug|Any CPU.ActiveCfg = Debug|Any CPU
		{FAF19C6C-8273-433B-AB59-700454386908}.Debug|Any CPU.Build.0 = Debug|Any CPU
		{FAF19C6C-8273-433B-AB59-700454386908}.Debug|x64.ActiveCfg = Debug|Any CPU
		{FAF19C6C-8273-433B-AB59-700454386908}.Debug|x64.Build.0 = Debug|Any CPU
		{FAF19C6C-8273-433B-AB59-700454386908}.Debug|x86.ActiveCfg = Debug|Any CPU
		{FAF19C6C-8273-433B-AB59-700454386908}.Debug|x86.Build.0 = Debug|Any CPU
		{FAF19C6C-8273-433B-AB59-700454386908}.Release|Any CPU.ActiveCfg = Release|Any CPU
		{FAF19C6C-8273-433B-AB59-700454386908}.Release|Any CPU.Build.0 = Release|Any CPU
		{FAF19C6C-8273-433B-AB59-700454386908}.Release|x64.ActiveCfg = Release|Any CPU
		{FAF19C6C-8273-433B-AB59-700454386908}.Release|x64.Build.0 = Release|Any CPU
		{FAF19C6C-8273-433B-AB59-700454386908}.Release|x86.ActiveCfg = Release|Any CPU
		{FAF19C6C-8273-433B-AB59-700454386908}.Release|x86.Build.0 = Release|Any CPU
		{F590D335-6901-4245-99BC-A9FBE4699799}.Debug|Any CPU.ActiveCfg = Debug|Any CPU
		{F590D335-6901-4245-99BC-A9FBE4699799}.Debug|Any CPU.Build.0 = Debug|Any CPU
		{F590D335-6901-4245-99BC-A9FBE4699799}.Debug|x64.ActiveCfg = Debug|Any CPU
		{F590D335-6901-4245-99BC-A9FBE4699799}.Debug|x64.Build.0 = Debug|Any CPU
		{F590D335-6901-4245-99BC-A9FBE4699799}.Debug|x86.ActiveCfg = Debug|Any CPU
		{F590D335-6901-4245-99BC-A9FBE4699799}.Debug|x86.Build.0 = Debug|Any CPU
		{F590D335-6901-4245-99BC-A9FBE4699799}.Release|Any CPU.ActiveCfg = Release|Any CPU
		{F590D335-6901-4245-99BC-A9FBE4699799}.Release|Any CPU.Build.0 = Release|Any CPU
		{F590D335-6901-4245-99BC-A9FBE4699799}.Release|x64.ActiveCfg = Release|Any CPU
		{F590D335-6901-4245-99BC-A9FBE4699799}.Release|x64.Build.0 = Release|Any CPU
		{F590D335-6901-4245-99BC-A9FBE4699799}.Release|x86.ActiveCfg = Release|Any CPU
		{F590D335-6901-4245-99BC-A9FBE4699799}.Release|x86.Build.0 = Release|Any CPU
		{54B827AB-6DD6-4950-8B44-CDEB27F1E322}.Debug|Any CPU.ActiveCfg = Debug|Any CPU
		{54B827AB-6DD6-4950-8B44-CDEB27F1E322}.Debug|Any CPU.Build.0 = Debug|Any CPU
		{54B827AB-6DD6-4950-8B44-CDEB27F1E322}.Debug|x64.ActiveCfg = Debug|Any CPU
		{54B827AB-6DD6-4950-8B44-CDEB27F1E322}.Debug|x64.Build.0 = Debug|Any CPU
		{54B827AB-6DD6-4950-8B44-CDEB27F1E322}.Debug|x86.ActiveCfg = Debug|Any CPU
		{54B827AB-6DD6-4950-8B44-CDEB27F1E322}.Debug|x86.Build.0 = Debug|Any CPU
		{54B827AB-6DD6-4950-8B44-CDEB27F1E322}.Release|Any CPU.ActiveCfg = Release|Any CPU
		{54B827AB-6DD6-4950-8B44-CDEB27F1E322}.Release|Any CPU.Build.0 = Release|Any CPU
		{54B827AB-6DD6-4950-8B44-CDEB27F1E322}.Release|x64.ActiveCfg = Release|Any CPU
		{54B827AB-6DD6-4950-8B44-CDEB27F1E322}.Release|x64.Build.0 = Release|Any CPU
		{54B827AB-6DD6-4950-8B44-CDEB27F1E322}.Release|x86.ActiveCfg = Release|Any CPU
		{54B827AB-6DD6-4950-8B44-CDEB27F1E322}.Release|x86.Build.0 = Release|Any CPU
		{FCF79E81-0394-486E-86D0-D098740767AE}.Debug|Any CPU.ActiveCfg = Debug|Any CPU
		{FCF79E81-0394-486E-86D0-D098740767AE}.Debug|Any CPU.Build.0 = Debug|Any CPU
		{FCF79E81-0394-486E-86D0-D098740767AE}.Debug|x64.ActiveCfg = Debug|Any CPU
		{FCF79E81-0394-486E-86D0-D098740767AE}.Debug|x64.Build.0 = Debug|Any CPU
		{FCF79E81-0394-486E-86D0-D098740767AE}.Debug|x86.ActiveCfg = Debug|Any CPU
		{FCF79E81-0394-486E-86D0-D098740767AE}.Debug|x86.Build.0 = Debug|Any CPU
		{FCF79E81-0394-486E-86D0-D098740767AE}.Release|Any CPU.ActiveCfg = Release|Any CPU
		{FCF79E81-0394-486E-86D0-D098740767AE}.Release|Any CPU.Build.0 = Release|Any CPU
		{FCF79E81-0394-486E-86D0-D098740767AE}.Release|x64.ActiveCfg = Release|Any CPU
		{FCF79E81-0394-486E-86D0-D098740767AE}.Release|x64.Build.0 = Release|Any CPU
		{FCF79E81-0394-486E-86D0-D098740767AE}.Release|x86.ActiveCfg = Release|Any CPU
		{FCF79E81-0394-486E-86D0-D098740767AE}.Release|x86.Build.0 = Release|Any CPU
		{6BAC0F92-9749-46C5-9F0F-C0DC3AF1FC54}.Debug|Any CPU.ActiveCfg = Debug|Any CPU
		{6BAC0F92-9749-46C5-9F0F-C0DC3AF1FC54}.Debug|Any CPU.Build.0 = Debug|Any CPU
		{6BAC0F92-9749-46C5-9F0F-C0DC3AF1FC54}.Debug|x64.ActiveCfg = Debug|Any CPU
		{6BAC0F92-9749-46C5-9F0F-C0DC3AF1FC54}.Debug|x64.Build.0 = Debug|Any CPU
		{6BAC0F92-9749-46C5-9F0F-C0DC3AF1FC54}.Debug|x86.ActiveCfg = Debug|Any CPU
		{6BAC0F92-9749-46C5-9F0F-C0DC3AF1FC54}.Debug|x86.Build.0 = Debug|Any CPU
		{6BAC0F92-9749-46C5-9F0F-C0DC3AF1FC54}.Release|Any CPU.ActiveCfg = Release|Any CPU
		{6BAC0F92-9749-46C5-9F0F-C0DC3AF1FC54}.Release|Any CPU.Build.0 = Release|Any CPU
		{6BAC0F92-9749-46C5-9F0F-C0DC3AF1FC54}.Release|x64.ActiveCfg = Release|Any CPU
		{6BAC0F92-9749-46C5-9F0F-C0DC3AF1FC54}.Release|x64.Build.0 = Release|Any CPU
		{6BAC0F92-9749-46C5-9F0F-C0DC3AF1FC54}.Release|x86.ActiveCfg = Release|Any CPU
		{6BAC0F92-9749-46C5-9F0F-C0DC3AF1FC54}.Release|x86.Build.0 = Release|Any CPU
	EndGlobalSection
	GlobalSection(SolutionProperties) = preSolution
		HideSolutionNode = FALSE
	EndGlobalSection
	GlobalSection(NestedProjects) = preSolution
		{6BAC0F92-9749-46C5-9F0F-C0DC3AF1FC54} = {0C88DD14-F956-CE84-757C-A364CCF449FC}
	EndGlobalSection
EndGlobal
